
Microsoft Visual Studio Solution File, Format Version 12.00
# Visual Studio Version 16
VisualStudioVersion = 16.0.31729.503
MinimumVisualStudioVersion = 10.0.40219.1
Project("{FAE04EC0-301F-11D3-BF4B-00C04F79EFBC}") = "Tarea-5-CrearUnRegistroConDetalleEnWpf", "Tarea-5-CrearUnRegistroConDetalleEnWpf.csproj", "{97B7D14C-2B47-4E5D-B554-79E16121E5F9}"
EndProject
Global
	GlobalSection(SolutionConfigurationPlatforms) = preSolution
		Debug|Any CPU = Debug|Any CPU
		Release|Any CPU = Release|Any CPU
	EndGlobalSection
	GlobalSection(ProjectConfigurationPlatforms) = postSolution
		{97B7D14C-2B47-4E5D-B554-79E16121E5F9}.Debug|Any CPU.ActiveCfg = Debug|Any CPU
		{97B7D14C-2B47-4E5D-B554-79E16121E5F9}.Debug|Any CPU.Build.0 = Debug|Any CPU
		{97B7D14C-2B47-4E5D-B554-79E16121E5F9}.Release|Any CPU.ActiveCfg = Release|Any CPU
		{97B7D14C-2B47-4E5D-B554-79E16121E5F9}.Release|Any CPU.Build.0 = Release|Any CPU
	EndGlobalSection
	GlobalSection(SolutionProperties) = preSolution
		HideSolutionNode = FALSE
	EndGlobalSection
	GlobalSection(ExtensibilityGlobals) = postSolution
		SolutionGuid = {FF91E848-2735-4F54-A813-E74064C537B7}
	EndGlobalSection
EndGlobal
